
Microsoft Visual Studio Solution File, Format Version 12.00
# Visual Studio 15
VisualStudioVersion = 15.0.28307.539
MinimumVisualStudioVersion = 10.0.40219.1
Project("{8BC9CEB8-8B4A-11D0-8D11-00A0C91BC942}") = "Lab1_mem_allocator", "Lab1_mem_allocator\Lab1_mem_allocator.vcxproj", "{AD7EE1BA-5F9B-4662-873D-45F562F43B73}"
EndProject
Global
	GlobalSection(SolutionConfigurationPlatforms) = preSolution
		Debug|x64 = Debug|x64
		Debug|x86 = Debug|x86
		Release|x64 = Release|x64
		Release|x86 = Release|x86
	EndGlobalSection
	GlobalSection(ProjectConfigurationPlatforms) = postSolution
		{AD7EE1BA-5F9B-4662-873D-45F562F43B73}.Debug|x64.ActiveCfg = Debug|x64
		{AD7EE1BA-5F9B-4662-873D-45F562F43B73}.Debug|x64.Build.0 = Debug|x64
		{AD7EE1BA-5F9B-4662-873D-45F562F43B73}.Debug|x86.ActiveCfg = Debug|Win32
		{AD7EE1BA-5F9B-4662-873D-45F562F43B73}.Debug|x86.Build.0 = Debug|Win32
		{AD7EE1BA-5F9B-4662-873D-45F562F43B73}.Release|x64.ActiveCfg = Release|x64
		{AD7EE1BA-5F9B-4662-873D-45F562F43B73}.Release|x64.Build.0 = Release|x64
		{AD7EE1BA-5F9B-4662-873D-45F562F43B73}.Release|x86.ActiveCfg = Release|Win32
		{AD7EE1BA-5F9B-4662-873D-45F562F43B73}.Release|x86.Build.0 = Release|Win32
	EndGlobalSection
	GlobalSection(SolutionProperties) = preSolution
		HideSolutionNode = FALSE
	EndGlobalSection
	GlobalSection(ExtensibilityGlobals) = postSolution
		SolutionGuid = {08F60BD2-368B-4331-BA50-CB5CE088C529}
	EndGlobalSection
EndGlobal
